// !$*UTF8*$!
{
	archiveVersion = 1;
	classes = {
	};
	objectVersion = 56;
	objects = {

/* Begin PBXBuildFile section */
		8F1710F829E9B6930081AFFE /* AppDelegate.swift in Sources */ = {isa = PBXBuildFile; fileRef = 8F1710F729E9B6930081AFFE /* AppDelegate.swift */; };
		8F1710FA29E9B6930081AFFE /* SceneDelegate.swift in Sources */ = {isa = PBXBuildFile; fileRef = 8F1710F929E9B6930081AFFE /* SceneDelegate.swift */; };
		8F1710FC29E9B6930081AFFE /* ViewController.swift in Sources */ = {isa = PBXBuildFile; fileRef = 8F1710FB29E9B6930081AFFE /* ViewController.swift */; };
		8F1710FF29E9B6930081AFFE /* Main.storyboard in Resources */ = {isa = PBXBuildFile; fileRef = 8F1710FD29E9B6930081AFFE /* Main.storyboard */; };
		8F17110129E9B6950081AFFE /* Assets.xcassets in Resources */ = {isa = PBXBuildFile; fileRef = 8F17110029E9B6950081AFFE /* Assets.xcassets */; };
		8F17110429E9B6950081AFFE /* LaunchScreen.storyboard in Resources */ = {isa = PBXBuildFile; fileRef = 8F17110229E9B6950081AFFE /* LaunchScreen.storyboard */; };
		8F17110F29E9B6950081AFFE /* fightcamp_onsiteTests.swift in Sources */ = {isa = PBXBuildFile; fileRef = 8F17110E29E9B6950081AFFE /* fightcamp_onsiteTests.swift */; };
		8F17111929E9B6950081AFFE /* fightcamp_onsiteUITests.swift in Sources */ = {isa = PBXBuildFile; fileRef = 8F17111829E9B6950081AFFE /* fightcamp_onsiteUITests.swift */; };
		8F17111B29E9B6950081AFFE /* fightcamp_onsiteUITestsLaunchTests.swift in Sources */ = {isa = PBXBuildFile; fileRef = 8F17111A29E9B6950081AFFE /* fightcamp_onsiteUITestsLaunchTests.swift */; };
		8F17113129E9B6F10081AFFE /* FCDataService.swift in Sources */ = {isa = PBXBuildFile; fileRef = 8F17113029E9B6F10081AFFE /* FCDataService.swift */; };
		8F17113529E9B7350081AFFE /* WorkoutObject.swift in Sources */ = {isa = PBXBuildFile; fileRef = 8F17113429E9B7350081AFFE /* WorkoutObject.swift */; };
		8F17113729E9B7C50081AFFE /* GenericDataService.swift in Sources */ = {isa = PBXBuildFile; fileRef = 8F17113629E9B7C50081AFFE /* GenericDataService.swift */; };
		8F17113929E9B92E0081AFFE /* ViewModel.swift in Sources */ = {isa = PBXBuildFile; fileRef = 8F17113829E9B92E0081AFFE /* ViewModel.swift */; };
		8F7B558329E9BDB80041F0EC /* Fonts.swift in Sources */ = {isa = PBXBuildFile; fileRef = 8F7B558029E9BDB80041F0EC /* Fonts.swift */; };
		8F7B558429E9BDB80041F0EC /* Layout.swift in Sources */ = {isa = PBXBuildFile; fileRef = 8F7B558129E9BDB80041F0EC /* Layout.swift */; };
		8F7B558529E9BDB80041F0EC /* Colors.swift in Sources */ = {isa = PBXBuildFile; fileRef = 8F7B558229E9BDB80041F0EC /* Colors.swift */; };
		8F7B558729E9BEDF0041F0EC /* TrainerObject.swift in Sources */ = {isa = PBXBuildFile; fileRef = 8F7B558629E9BEDF0041F0EC /* TrainerObject.swift */; };
		8F7B558B29E9C30F0041F0EC /* TrainerDataService.swift in Sources */ = {isa = PBXBuildFile; fileRef = 8F7B558A29E9C30F0041F0EC /* TrainerDataService.swift */; };
		8F7B559F29E9C76A0041F0EC /* Font-1.otf in Resources */ = {isa = PBXBuildFile; fileRef = 8F7B559D29E9C76A0041F0EC /* Font-1.otf */; };
		8F7B55A029E9C76A0041F0EC /* Font-2.otf in Resources */ = {isa = PBXBuildFile; fileRef = 8F7B559E29E9C76A0041F0EC /* Font-2.otf */; };
		8F7B55A229E9C7EB0041F0EC /* UIView.swift in Sources */ = {isa = PBXBuildFile; fileRef = 8F7B55A129E9C7EB0041F0EC /* UIView.swift */; };
		8F7B55A429E9D5F50041F0EC /* ImageService.swift in Sources */ = {isa = PBXBuildFile; fileRef = 8F7B55A329E9D5F50041F0EC /* ImageService.swift */; };
		8F7B55A729E9F0220041F0EC /* WorkoutTag.swift in Sources */ = {isa = PBXBuildFile; fileRef = 8F7B55A629E9F0220041F0EC /* WorkoutTag.swift */; };
		8F7B55A929E9F0310041F0EC /* WorkoutCard.swift in Sources */ = {isa = PBXBuildFile; fileRef = 8F7B55A829E9F0310041F0EC /* WorkoutCard.swift */; };
		8F7B55AB29E9F97D0041F0EC /* UICollectionViewLayout.swift in Sources */ = {isa = PBXBuildFile; fileRef = 8F7B55AA29E9F97D0041F0EC /* UICollectionViewLayout.swift */; };
		8F7B55AD29E9F9940041F0EC /* WorkoutCell.swift in Sources */ = {isa = PBXBuildFile; fileRef = 8F7B55AC29E9F9940041F0EC /* WorkoutCell.swift */; };
		8F7B55AF29EA09910041F0EC /* Date.swift in Sources */ = {isa = PBXBuildFile; fileRef = 8F7B55AE29EA09910041F0EC /* Date.swift */; };
		8F7B55B129EA0C1A0041F0EC /* FullWorkout.swift in Sources */ = {isa = PBXBuildFile; fileRef = 8F7B55B029EA0C1A0041F0EC /* FullWorkout.swift */; };
		8F7B55B529EA14880041F0EC /* WorkoutViewController.swift in Sources */ = {isa = PBXBuildFile; fileRef = 8F7B55B429EA14880041F0EC /* WorkoutViewController.swift */; };
/* End PBXBuildFile section */

/* Begin PBXContainerItemProxy section */
		8F17110B29E9B6950081AFFE /* PBXContainerItemProxy */ = {
			isa = PBXContainerItemProxy;
			containerPortal = 8F1710EC29E9B6930081AFFE /* Project object */;
			proxyType = 1;
			remoteGlobalIDString = 8F1710F329E9B6930081AFFE;
			remoteInfo = "fightcamp-onsite";
		};
		8F17111529E9B6950081AFFE /* PBXContainerItemProxy */ = {
			isa = PBXContainerItemProxy;
			containerPortal = 8F1710EC29E9B6930081AFFE /* Project object */;
			proxyType = 1;
			remoteGlobalIDString = 8F1710F329E9B6930081AFFE;
			remoteInfo = "fightcamp-onsite";
		};
/* End PBXContainerItemProxy section */

/* Begin PBXFileReference section */
		8F1710F429E9B6930081AFFE /* fightcamp-onsite.app */ = {isa = PBXFileReference; explicitFileType = wrapper.application; includeInIndex = 0; path = "fightcamp-onsite.app"; sourceTree = BUILT_PRODUCTS_DIR; };
		8F1710F729E9B6930081AFFE /* AppDelegate.swift */ = {isa = PBXFileReference; lastKnownFileType = sourcecode.swift; path = AppDelegate.swift; sourceTree = "<group>"; };
		8F1710F929E9B6930081AFFE /* SceneDelegate.swift */ = {isa = PBXFileReference; lastKnownFileType = sourcecode.swift; path = SceneDelegate.swift; sourceTree = "<group>"; };
		8F1710FB29E9B6930081AFFE /* ViewController.swift */ = {isa = PBXFileReference; lastKnownFileType = sourcecode.swift; path = ViewController.swift; sourceTree = "<group>"; };
		8F1710FE29E9B6930081AFFE /* Base */ = {isa = PBXFileReference; lastKnownFileType = file.storyboard; name = Base; path = Base.lproj/Main.storyboard; sourceTree = "<group>"; };
		8F17110029E9B6950081AFFE /* Assets.xcassets */ = {isa = PBXFileReference; lastKnownFileType = folder.assetcatalog; path = Assets.xcassets; sourceTree = "<group>"; };
		8F17110329E9B6950081AFFE /* Base */ = {isa = PBXFileReference; lastKnownFileType = file.storyboard; name = Base; path = Base.lproj/LaunchScreen.storyboard; sourceTree = "<group>"; };
		8F17110529E9B6950081AFFE /* Info.plist */ = {isa = PBXFileReference; lastKnownFileType = text.plist.xml; path = Info.plist; sourceTree = "<group>"; };
		8F17110A29E9B6950081AFFE /* fightcamp-onsiteTests.xctest */ = {isa = PBXFileReference; explicitFileType = wrapper.cfbundle; includeInIndex = 0; path = "fightcamp-onsiteTests.xctest"; sourceTree = BUILT_PRODUCTS_DIR; };
		8F17110E29E9B6950081AFFE /* fightcamp_onsiteTests.swift */ = {isa = PBXFileReference; lastKnownFileType = sourcecode.swift; path = fightcamp_onsiteTests.swift; sourceTree = "<group>"; };
		8F17111429E9B6950081AFFE /* fightcamp-onsiteUITests.xctest */ = {isa = PBXFileReference; explicitFileType = wrapper.cfbundle; includeInIndex = 0; path = "fightcamp-onsiteUITests.xctest"; sourceTree = BUILT_PRODUCTS_DIR; };
		8F17111829E9B6950081AFFE /* fightcamp_onsiteUITests.swift */ = {isa = PBXFileReference; lastKnownFileType = sourcecode.swift; path = fightcamp_onsiteUITests.swift; sourceTree = "<group>"; };
		8F17111A29E9B6950081AFFE /* fightcamp_onsiteUITestsLaunchTests.swift */ = {isa = PBXFileReference; lastKnownFileType = sourcecode.swift; path = fightcamp_onsiteUITestsLaunchTests.swift; sourceTree = "<group>"; };
		8F17113029E9B6F10081AFFE /* FCDataService.swift */ = {isa = PBXFileReference; lastKnownFileType = sourcecode.swift; path = FCDataService.swift; sourceTree = "<group>"; };
		8F17113429E9B7350081AFFE /* WorkoutObject.swift */ = {isa = PBXFileReference; lastKnownFileType = sourcecode.swift; path = WorkoutObject.swift; sourceTree = "<group>"; };
		8F17113629E9B7C50081AFFE /* GenericDataService.swift */ = {isa = PBXFileReference; lastKnownFileType = sourcecode.swift; path = GenericDataService.swift; sourceTree = "<group>"; };
		8F17113829E9B92E0081AFFE /* ViewModel.swift */ = {isa = PBXFileReference; lastKnownFileType = sourcecode.swift; path = ViewModel.swift; sourceTree = "<group>"; };
		8F7B558029E9BDB80041F0EC /* Fonts.swift */ = {isa = PBXFileReference; fileEncoding = 4; lastKnownFileType = sourcecode.swift; path = Fonts.swift; sourceTree = "<group>"; };
		8F7B558129E9BDB80041F0EC /* Layout.swift */ = {isa = PBXFileReference; fileEncoding = 4; lastKnownFileType = sourcecode.swift; path = Layout.swift; sourceTree = "<group>"; };
		8F7B558229E9BDB80041F0EC /* Colors.swift */ = {isa = PBXFileReference; fileEncoding = 4; lastKnownFileType = sourcecode.swift; path = Colors.swift; sourceTree = "<group>"; };
		8F7B558629E9BEDF0041F0EC /* TrainerObject.swift */ = {isa = PBXFileReference; lastKnownFileType = sourcecode.swift; path = TrainerObject.swift; sourceTree = "<group>"; };
		8F7B558A29E9C30F0041F0EC /* TrainerDataService.swift */ = {isa = PBXFileReference; fileEncoding = 4; lastKnownFileType = sourcecode.swift; path = TrainerDataService.swift; sourceTree = "<group>"; };
		8F7B559D29E9C76A0041F0EC /* Font-1.otf */ = {isa = PBXFileReference; lastKnownFileType = file; path = "Font-1.otf"; sourceTree = "<group>"; };
		8F7B559E29E9C76A0041F0EC /* Font-2.otf */ = {isa = PBXFileReference; lastKnownFileType = file; path = "Font-2.otf"; sourceTree = "<group>"; };
		8F7B55A129E9C7EB0041F0EC /* UIView.swift */ = {isa = PBXFileReference; lastKnownFileType = sourcecode.swift; path = UIView.swift; sourceTree = "<group>"; };
		8F7B55A329E9D5F50041F0EC /* ImageService.swift */ = {isa = PBXFileReference; fileEncoding = 4; lastKnownFileType = sourcecode.swift; name = ImageService.swift; path = "fightcamp-onsite/DataServices/ImageService.swift"; sourceTree = SOURCE_ROOT; };
		8F7B55A629E9F0220041F0EC /* WorkoutTag.swift */ = {isa = PBXFileReference; lastKnownFileType = sourcecode.swift; path = WorkoutTag.swift; sourceTree = "<group>"; };
		8F7B55A829E9F0310041F0EC /* WorkoutCard.swift */ = {isa = PBXFileReference; lastKnownFileType = sourcecode.swift; path = WorkoutCard.swift; sourceTree = "<group>"; };
		8F7B55AA29E9F97D0041F0EC /* UICollectionViewLayout.swift */ = {isa = PBXFileReference; lastKnownFileType = sourcecode.swift; path = UICollectionViewLayout.swift; sourceTree = "<group>"; };
		8F7B55AC29E9F9940041F0EC /* WorkoutCell.swift */ = {isa = PBXFileReference; lastKnownFileType = sourcecode.swift; path = WorkoutCell.swift; sourceTree = "<group>"; };
		8F7B55AE29EA09910041F0EC /* Date.swift */ = {isa = PBXFileReference; lastKnownFileType = sourcecode.swift; path = Date.swift; sourceTree = "<group>"; };
		8F7B55B029EA0C1A0041F0EC /* FullWorkout.swift */ = {isa = PBXFileReference; lastKnownFileType = sourcecode.swift; path = FullWorkout.swift; sourceTree = "<group>"; };
		8F7B55B429EA14880041F0EC /* WorkoutViewController.swift */ = {isa = PBXFileReference; lastKnownFileType = sourcecode.swift; path = WorkoutViewController.swift; sourceTree = "<group>"; };
/* End PBXFileReference section */

/* Begin PBXFrameworksBuildPhase section */
		8F1710F129E9B6930081AFFE /* Frameworks */ = {
			isa = PBXFrameworksBuildPhase;
			buildActionMask = 2147483647;
			files = (
			);
			runOnlyForDeploymentPostprocessing = 0;
		};
		8F17110729E9B6950081AFFE /* Frameworks */ = {
			isa = PBXFrameworksBuildPhase;
			buildActionMask = 2147483647;
			files = (
			);
			runOnlyForDeploymentPostprocessing = 0;
		};
		8F17111129E9B6950081AFFE /* Frameworks */ = {
			isa = PBXFrameworksBuildPhase;
			buildActionMask = 2147483647;
			files = (
			);
			runOnlyForDeploymentPostprocessing = 0;
		};
/* End PBXFrameworksBuildPhase section */

/* Begin PBXGroup section */
		8F1710EB29E9B6930081AFFE = {
			isa = PBXGroup;
			children = (
				8F1710F629E9B6930081AFFE /* fightcamp-onsite */,
				8F17110D29E9B6950081AFFE /* fightcamp-onsiteTests */,
				8F17111729E9B6950081AFFE /* fightcamp-onsiteUITests */,
				8F1710F529E9B6930081AFFE /* Products */,
			);
			sourceTree = "<group>";
		};
		8F1710F529E9B6930081AFFE /* Products */ = {
			isa = PBXGroup;
			children = (
				8F1710F429E9B6930081AFFE /* fightcamp-onsite.app */,
				8F17110A29E9B6950081AFFE /* fightcamp-onsiteTests.xctest */,
				8F17111429E9B6950081AFFE /* fightcamp-onsiteUITests.xctest */,
			);
			name = Products;
			sourceTree = "<group>";
		};
		8F1710F629E9B6930081AFFE /* fightcamp-onsite */ = {
			isa = PBXGroup;
			children = (
				8F7B55A529E9F01E0041F0EC /* Views */,
				8F7B559C29E9C76A0041F0EC /* Assets */,
				8F7B557F29E9BDB80041F0EC /* Helpers */,
				8F17113329E9B72F0081AFFE /* Models */,
				8F1710F729E9B6930081AFFE /* AppDelegate.swift */,
				8F1710F929E9B6930081AFFE /* SceneDelegate.swift */,
				8F1710FB29E9B6930081AFFE /* ViewController.swift */,
				8F7B55B429EA14880041F0EC /* WorkoutViewController.swift */,
				8F17113829E9B92E0081AFFE /* ViewModel.swift */,
				8F17113229E9B6F40081AFFE /* DataServices */,
				8F1710FD29E9B6930081AFFE /* Main.storyboard */,
				8F17110029E9B6950081AFFE /* Assets.xcassets */,
				8F17110229E9B6950081AFFE /* LaunchScreen.storyboard */,
				8F17110529E9B6950081AFFE /* Info.plist */,
			);
			path = "fightcamp-onsite";
			sourceTree = "<group>";
		};
		8F17110D29E9B6950081AFFE /* fightcamp-onsiteTests */ = {
			isa = PBXGroup;
			children = (
				8F17110E29E9B6950081AFFE /* fightcamp_onsiteTests.swift */,
			);
			path = "fightcamp-onsiteTests";
			sourceTree = "<group>";
		};
		8F17111729E9B6950081AFFE /* fightcamp-onsiteUITests */ = {
			isa = PBXGroup;
			children = (
				8F17111829E9B6950081AFFE /* fightcamp_onsiteUITests.swift */,
				8F17111A29E9B6950081AFFE /* fightcamp_onsiteUITestsLaunchTests.swift */,
			);
			path = "fightcamp-onsiteUITests";
			sourceTree = "<group>";
		};
		8F17113229E9B6F40081AFFE /* DataServices */ = {
			isa = PBXGroup;
			children = (
				8F7B55A329E9D5F50041F0EC /* ImageService.swift */,
				8F17113029E9B6F10081AFFE /* FCDataService.swift */,
				8F7B558A29E9C30F0041F0EC /* TrainerDataService.swift */,
				8F17113629E9B7C50081AFFE /* GenericDataService.swift */,
			);
			path = DataServices;
			sourceTree = "<group>";
		};
		8F17113329E9B72F0081AFFE /* Models */ = {
			isa = PBXGroup;
			children = (
				8F17113429E9B7350081AFFE /* WorkoutObject.swift */,
				8F7B558629E9BEDF0041F0EC /* TrainerObject.swift */,
				8F7B55B029EA0C1A0041F0EC /* FullWorkout.swift */,
			);
			path = Models;
			sourceTree = "<group>";
		};
		8F7B557F29E9BDB80041F0EC /* Helpers */ = {
			isa = PBXGroup;
			children = (
				8F7B558029E9BDB80041F0EC /* Fonts.swift */,
				8F7B558129E9BDB80041F0EC /* Layout.swift */,
				8F7B558229E9BDB80041F0EC /* Colors.swift */,
				8F7B55A129E9C7EB0041F0EC /* UIView.swift */,
				8F7B55AA29E9F97D0041F0EC /* UICollectionViewLayout.swift */,
				8F7B55AE29EA09910041F0EC /* Date.swift */,
			);
			path = Helpers;
			sourceTree = "<group>";
		};
		8F7B559C29E9C76A0041F0EC /* Assets */ = {
			isa = PBXGroup;
			children = (
				8F7B559D29E9C76A0041F0EC /* Font-1.otf */,
				8F7B559E29E9C76A0041F0EC /* Font-2.otf */,
			);
			path = Assets;
			sourceTree = "<group>";
		};
		8F7B55A529E9F01E0041F0EC /* Views */ = {
			isa = PBXGroup;
			children = (
				8F7B55A629E9F0220041F0EC /* WorkoutTag.swift */,
				8F7B55A829E9F0310041F0EC /* WorkoutCard.swift */,
				8F7B55AC29E9F9940041F0EC /* WorkoutCell.swift */,
			);
			path = Views;
			sourceTree = "<group>";
		};
/* End PBXGroup section */

/* Begin PBXNativeTarget section */
		8F1710F329E9B6930081AFFE /* fightcamp-onsite */ = {
			isa = PBXNativeTarget;
			buildConfigurationList = 8F17111E29E9B6950081AFFE /* Build configuration list for PBXNativeTarget "fightcamp-onsite" */;
			buildPhases = (
				8F1710F029E9B6930081AFFE /* Sources */,
				8F1710F129E9B6930081AFFE /* Frameworks */,
				8F1710F229E9B6930081AFFE /* Resources */,
			);
			buildRules = (
			);
			dependencies = (
			);
			name = "fightcamp-onsite";
			productName = "fightcamp-onsite";
			productReference = 8F1710F429E9B6930081AFFE /* fightcamp-onsite.app */;
			productType = "com.apple.product-type.application";
		};
		8F17110929E9B6950081AFFE /* fightcamp-onsiteTests */ = {
			isa = PBXNativeTarget;
			buildConfigurationList = 8F17112129E9B6950081AFFE /* Build configuration list for PBXNativeTarget "fightcamp-onsiteTests" */;
			buildPhases = (
				8F17110629E9B6950081AFFE /* Sources */,
				8F17110729E9B6950081AFFE /* Frameworks */,
				8F17110829E9B6950081AFFE /* Resources */,
			);
			buildRules = (
			);
			dependencies = (
				8F17110C29E9B6950081AFFE /* PBXTargetDependency */,
			);
			name = "fightcamp-onsiteTests";
			productName = "fightcamp-onsiteTests";
			productReference = 8F17110A29E9B6950081AFFE /* fightcamp-onsiteTests.xctest */;
			productType = "com.apple.product-type.bundle.unit-test";
		};
		8F17111329E9B6950081AFFE /* fightcamp-onsiteUITests */ = {
			isa = PBXNativeTarget;
			buildConfigurationList = 8F17112429E9B6950081AFFE /* Build configuration list for PBXNativeTarget "fightcamp-onsiteUITests" */;
			buildPhases = (
				8F17111029E9B6950081AFFE /* Sources */,
				8F17111129E9B6950081AFFE /* Frameworks */,
				8F17111229E9B6950081AFFE /* Resources */,
			);
			buildRules = (
			);
			dependencies = (
				8F17111629E9B6950081AFFE /* PBXTargetDependency */,
			);
			name = "fightcamp-onsiteUITests";
			productName = "fightcamp-onsiteUITests";
			productReference = 8F17111429E9B6950081AFFE /* fightcamp-onsiteUITests.xctest */;
			productType = "com.apple.product-type.bundle.ui-testing";
		};
/* End PBXNativeTarget section */

/* Begin PBXProject section */
		8F1710EC29E9B6930081AFFE /* Project object */ = {
			isa = PBXProject;
			attributes = {
				BuildIndependentTargetsInParallel = 1;
				LastSwiftUpdateCheck = 1430;
				LastUpgradeCheck = 1430;
				TargetAttributes = {
					8F1710F329E9B6930081AFFE = {
						CreatedOnToolsVersion = 14.3;
					};
					8F17110929E9B6950081AFFE = {
						CreatedOnToolsVersion = 14.3;
						TestTargetID = 8F1710F329E9B6930081AFFE;
					};
					8F17111329E9B6950081AFFE = {
						CreatedOnToolsVersion = 14.3;
						TestTargetID = 8F1710F329E9B6930081AFFE;
					};
				};
			};
			buildConfigurationList = 8F1710EF29E9B6930081AFFE /* Build configuration list for PBXProject "fightcamp-onsite" */;
			compatibilityVersion = "Xcode 14.0";
			developmentRegion = en;
			hasScannedForEncodings = 0;
			knownRegions = (
				en,
				Base,
			);
			mainGroup = 8F1710EB29E9B6930081AFFE;
			productRefGroup = 8F1710F529E9B6930081AFFE /* Products */;
			projectDirPath = "";
			projectRoot = "";
			targets = (
				8F1710F329E9B6930081AFFE /* fightcamp-onsite */,
				8F17110929E9B6950081AFFE /* fightcamp-onsiteTests */,
				8F17111329E9B6950081AFFE /* fightcamp-onsiteUITests */,
			);
		};
/* End PBXProject section */

/* Begin PBXResourcesBuildPhase section */
		8F1710F229E9B6930081AFFE /* Resources */ = {
			isa = PBXResourcesBuildPhase;
			buildActionMask = 2147483647;
			files = (
				8F17110429E9B6950081AFFE /* LaunchScreen.storyboard in Resources */,
				8F17110129E9B6950081AFFE /* Assets.xcassets in Resources */,
				8F7B55A029E9C76A0041F0EC /* Font-2.otf in Resources */,
				8F7B559F29E9C76A0041F0EC /* Font-1.otf in Resources */,
				8F1710FF29E9B6930081AFFE /* Main.storyboard in Resources */,
			);
			runOnlyForDeploymentPostprocessing = 0;
		};
		8F17110829E9B6950081AFFE /* Resources */ = {
			isa = PBXResourcesBuildPhase;
			buildActionMask = 2147483647;
			files = (
			);
			runOnlyForDeploymentPostprocessing = 0;
		};
		8F17111229E9B6950081AFFE /* Resources */ = {
			isa = PBXResourcesBuildPhase;
			buildActionMask = 2147483647;
			files = (
			);
			runOnlyForDeploymentPostprocessing = 0;
		};
/* End PBXResourcesBuildPhase section */

/* Begin PBXSourcesBuildPhase section */
		8F1710F029E9B6930081AFFE /* Sources */ = {
			isa = PBXSourcesBuildPhase;
			buildActionMask = 2147483647;
			files = (
				8F7B55A229E9C7EB0041F0EC /* UIView.swift in Sources */,
				8F7B55A929E9F0310041F0EC /* WorkoutCard.swift in Sources */,
				8F7B558329E9BDB80041F0EC /* Fonts.swift in Sources */,
				8F7B558529E9BDB80041F0EC /* Colors.swift in Sources */,
				8F17113929E9B92E0081AFFE /* ViewModel.swift in Sources */,
				8F17113729E9B7C50081AFFE /* GenericDataService.swift in Sources */,
				8F17113529E9B7350081AFFE /* WorkoutObject.swift in Sources */,
				8F1710FC29E9B6930081AFFE /* ViewController.swift in Sources */,
				8F7B558429E9BDB80041F0EC /* Layout.swift in Sources */,
				8F7B55B529EA14880041F0EC /* WorkoutViewController.swift in Sources */,
				8F7B55AD29E9F9940041F0EC /* WorkoutCell.swift in Sources */,
				8F7B558729E9BEDF0041F0EC /* TrainerObject.swift in Sources */,
				8F1710F829E9B6930081AFFE /* AppDelegate.swift in Sources */,
				8F17113129E9B6F10081AFFE /* FCDataService.swift in Sources */,
				8F7B55A729E9F0220041F0EC /* WorkoutTag.swift in Sources */,
				8F7B55B129EA0C1A0041F0EC /* FullWorkout.swift in Sources */,
				8F1710FA29E9B6930081AFFE /* SceneDelegate.swift in Sources */,
				8F7B558B29E9C30F0041F0EC /* TrainerDataService.swift in Sources */,
				8F7B55AF29EA09910041F0EC /* Date.swift in Sources */,
				8F7B55A429E9D5F50041F0EC /* ImageService.swift in Sources */,
				8F7B55AB29E9F97D0041F0EC /* UICollectionViewLayout.swift in Sources */,
			);
			runOnlyForDeploymentPostprocessing = 0;
		};
		8F17110629E9B6950081AFFE /* Sources */ = {
			isa = PBXSourcesBuildPhase;
			buildActionMask = 2147483647;
			files = (
				8F17110F29E9B6950081AFFE /* fightcamp_onsiteTests.swift in Sources */,
			);
			runOnlyForDeploymentPostprocessing = 0;
		};
		8F17111029E9B6950081AFFE /* Sources */ = {
			isa = PBXSourcesBuildPhase;
			buildActionMask = 2147483647;
			files = (
				8F17111B29E9B6950081AFFE /* fightcamp_onsiteUITestsLaunchTests.swift in Sources */,
				8F17111929E9B6950081AFFE /* fightcamp_onsiteUITests.swift in Sources */,
			);
			runOnlyForDeploymentPostprocessing = 0;
		};
/* End PBXSourcesBuildPhase section */

/* Begin PBXTargetDependency section */
		8F17110C29E9B6950081AFFE /* PBXTargetDependency */ = {
			isa = PBXTargetDependency;
			target = 8F1710F329E9B6930081AFFE /* fightcamp-onsite */;
			targetProxy = 8F17110B29E9B6950081AFFE /* PBXContainerItemProxy */;
		};
		8F17111629E9B6950081AFFE /* PBXTargetDependency */ = {
			isa = PBXTargetDependency;
			target = 8F1710F329E9B6930081AFFE /* fightcamp-onsite */;
			targetProxy = 8F17111529E9B6950081AFFE /* PBXContainerItemProxy */;
		};
/* End PBXTargetDependency section */

/* Begin PBXVariantGroup section */
		8F1710FD29E9B6930081AFFE /* Main.storyboard */ = {
			isa = PBXVariantGroup;
			children = (
				8F1710FE29E9B6930081AFFE /* Base */,
			);
			name = Main.storyboard;
			sourceTree = "<group>";
		};
		8F17110229E9B6950081AFFE /* LaunchScreen.storyboard */ = {
			isa = PBXVariantGroup;
			children = (
				8F17110329E9B6950081AFFE /* Base */,
			);
			name = LaunchScreen.storyboard;
			sourceTree = "<group>";
		};
/* End PBXVariantGroup section */

/* Begin XCBuildConfiguration section */
		8F17111C29E9B6950081AFFE /* Debug */ = {
			isa = XCBuildConfiguration;
			buildSettings = {
				ALWAYS_SEARCH_USER_PATHS = NO;
				CLANG_ANALYZER_NONNULL = YES;
				CLANG_ANALYZER_NUMBER_OBJECT_CONVERSION = YES_AGGRESSIVE;
				CLANG_CXX_LANGUAGE_STANDARD = "gnu++20";
				CLANG_ENABLE_MODULES = YES;
				CLANG_ENABLE_OBJC_ARC = YES;
				CLANG_ENABLE_OBJC_WEAK = YES;
				CLANG_WARN_BLOCK_CAPTURE_AUTORELEASING = YES;
				CLANG_WARN_BOOL_CONVERSION = YES;
				CLANG_WARN_COMMA = YES;
				CLANG_WARN_CONSTANT_CONVERSION = YES;
				CLANG_WARN_DEPRECATED_OBJC_IMPLEMENTATIONS = YES;
				CLANG_WARN_DIRECT_OBJC_ISA_USAGE = YES_ERROR;
				CLANG_WARN_DOCUMENTATION_COMMENTS = YES;
				CLANG_WARN_EMPTY_BODY = YES;
				CLANG_WARN_ENUM_CONVERSION = YES;
				CLANG_WARN_INFINITE_RECURSION = YES;
				CLANG_WARN_INT_CONVERSION = YES;
				CLANG_WARN_NON_LITERAL_NULL_CONVERSION = YES;
				CLANG_WARN_OBJC_IMPLICIT_RETAIN_SELF = YES;
				CLANG_WARN_OBJC_LITERAL_CONVERSION = YES;
				CLANG_WARN_OBJC_ROOT_CLASS = YES_ERROR;
				CLANG_WARN_QUOTED_INCLUDE_IN_FRAMEWORK_HEADER = YES;
				CLANG_WARN_RANGE_LOOP_ANALYSIS = YES;
				CLANG_WARN_STRICT_PROTOTYPES = YES;
				CLANG_WARN_SUSPICIOUS_MOVE = YES;
				CLANG_WARN_UNGUARDED_AVAILABILITY = YES_AGGRESSIVE;
				CLANG_WARN_UNREACHABLE_CODE = YES;
				CLANG_WARN__DUPLICATE_METHOD_MATCH = YES;
				COPY_PHASE_STRIP = NO;
				DEBUG_INFORMATION_FORMAT = dwarf;
				DEVELOPMENT_TEAM = 6FSF2DC5JT;
				ENABLE_STRICT_OBJC_MSGSEND = YES;
				ENABLE_TESTABILITY = YES;
				ENABLE_USER_SCRIPT_SANDBOXING = YES;
				GCC_C_LANGUAGE_STANDARD = gnu11;
				GCC_DYNAMIC_NO_PIC = NO;
				GCC_NO_COMMON_BLOCKS = YES;
				GCC_OPTIMIZATION_LEVEL = 0;
				GCC_PREPROCESSOR_DEFINITIONS = (
					"DEBUG=1",
					"$(inherited)",
				);
				GCC_WARN_64_TO_32_BIT_CONVERSION = YES;
				GCC_WARN_ABOUT_RETURN_TYPE = YES_ERROR;
				GCC_WARN_UNDECLARED_SELECTOR = YES;
				GCC_WARN_UNINITIALIZED_AUTOS = YES_AGGRESSIVE;
				GCC_WARN_UNUSED_FUNCTION = YES;
				GCC_WARN_UNUSED_VARIABLE = YES;
				IPHONEOS_DEPLOYMENT_TARGET = 16.4;
				MTL_ENABLE_DEBUG_INFO = INCLUDE_SOURCE;
				MTL_FAST_MATH = YES;
				ONLY_ACTIVE_ARCH = YES;
				SDKROOT = iphoneos;
				SWIFT_ACTIVE_COMPILATION_CONDITIONS = DEBUG;
				SWIFT_OPTIMIZATION_LEVEL = "-Onone";
			};
			name = Debug;
		};
		8F17111D29E9B6950081AFFE /* Release */ = {
			isa = XCBuildConfiguration;
			buildSettings = {
				ALWAYS_SEARCH_USER_PATHS = NO;
				CLANG_ANALYZER_NONNULL = YES;
				CLANG_ANALYZER_NUMBER_OBJECT_CONVERSION = YES_AGGRESSIVE;
				CLANG_CXX_LANGUAGE_STANDARD = "gnu++20";
				CLANG_ENABLE_MODULES = YES;
				CLANG_ENABLE_OBJC_ARC = YES;
				CLANG_ENABLE_OBJC_WEAK = YES;
				CLANG_WARN_BLOCK_CAPTURE_AUTORELEASING = YES;
				CLANG_WARN_BOOL_CONVERSION = YES;
				CLANG_WARN_COMMA = YES;
				CLANG_WARN_CONSTANT_CONVERSION = YES;
				CLANG_WARN_DEPRECATED_OBJC_IMPLEMENTATIONS = YES;
				CLANG_WARN_DIRECT_OBJC_ISA_USAGE = YES_ERROR;
				CLANG_WARN_DOCUMENTATION_COMMENTS = YES;
				CLANG_WARN_EMPTY_BODY = YES;
				CLANG_WARN_ENUM_CONVERSION = YES;
				CLANG_WARN_INFINITE_RECURSION = YES;
				CLANG_WARN_INT_CONVERSION = YES;
				CLANG_WARN_NON_LITERAL_NULL_CONVERSION = YES;
				CLANG_WARN_OBJC_IMPLICIT_RETAIN_SELF = YES;
				CLANG_WARN_OBJC_LITERAL_CONVERSION = YES;
				CLANG_WARN_OBJC_ROOT_CLASS = YES_ERROR;
				CLANG_WARN_QUOTED_INCLUDE_IN_FRAMEWORK_HEADER = YES;
				CLANG_WARN_RANGE_LOOP_ANALYSIS = YES;
				CLANG_WARN_STRICT_PROTOTYPES = YES;
				CLANG_WARN_SUSPICIOUS_MOVE = YES;
				CLANG_WARN_UNGUARDED_AVAILABILITY = YES_AGGRESSIVE;
				CLANG_WARN_UNREACHABLE_CODE = YES;
				CLANG_WARN__DUPLICATE_METHOD_MATCH = YES;
				COPY_PHASE_STRIP = NO;
				DEBUG_INFORMATION_FORMAT = "dwarf-with-dsym";
				DEVELOPMENT_TEAM = 6FSF2DC5JT;
				ENABLE_NS_ASSERTIONS = NO;
				ENABLE_STRICT_OBJC_MSGSEND = YES;
				ENABLE_USER_SCRIPT_SANDBOXING = YES;
				GCC_C_LANGUAGE_STANDARD = gnu11;
				GCC_NO_COMMON_BLOCKS = YES;
				GCC_WARN_64_TO_32_BIT_CONVERSION = YES;
				GCC_WARN_ABOUT_RETURN_TYPE = YES_ERROR;
				GCC_WARN_UNDECLARED_SELECTOR = YES;
				GCC_WARN_UNINITIALIZED_AUTOS = YES_AGGRESSIVE;
				GCC_WARN_UNUSED_FUNCTION = YES;
				GCC_WARN_UNUSED_VARIABLE = YES;
				IPHONEOS_DEPLOYMENT_TARGET = 16.4;
				MTL_ENABLE_DEBUG_INFO = NO;
				MTL_FAST_MATH = YES;
				SDKROOT = iphoneos;
				SWIFT_COMPILATION_MODE = wholemodule;
				SWIFT_OPTIMIZATION_LEVEL = "-O";
				VALIDATE_PRODUCT = YES;
			};
			name = Release;
		};
		8F17111F29E9B6950081AFFE /* Debug */ = {
			isa = XCBuildConfiguration;
			buildSettings = {
				ASSETCATALOG_COMPILER_APPICON_NAME = AppIcon;
				ASSETCATALOG_COMPILER_GLOBAL_ACCENT_COLOR_NAME = AccentColor;
				CODE_SIGN_IDENTITY = "Apple Development";
				CODE_SIGN_STYLE = Automatic;
				CURRENT_PROJECT_VERSION = 1;
				DEVELOPMENT_TEAM = 6FSF2DC5JT;
				GENERATE_INFOPLIST_FILE = YES;
				INFOPLIST_FILE = "fightcamp-onsite/Info.plist";
				INFOPLIST_KEY_UIApplicationSupportsIndirectInputEvents = YES;
				INFOPLIST_KEY_UILaunchStoryboardName = LaunchScreen.storyboard;
				INFOPLIST_KEY_UIMainStoryboardFile = Main;
				INFOPLIST_KEY_UIRequiredDeviceCapabilities = armv7;
				INFOPLIST_KEY_UISupportedInterfaceOrientations = "UIInterfaceOrientationPortrait UIInterfaceOrientationLandscapeRight";
				INFOPLIST_KEY_UISupportedInterfaceOrientations_iPad = "UIInterfaceOrientationPortrait UIInterfaceOrientationPortraitUpsideDown UIInterfaceOrientationLandscapeLeft UIInterfaceOrientationLandscapeRight";
				INFOPLIST_KEY_UISupportedInterfaceOrientations_iPhone = "UIInterfaceOrientationPortrait UIInterfaceOrientationLandscapeLeft UIInterfaceOrientationLandscapeRight";
				IPHONEOS_DEPLOYMENT_TARGET = 14.0;
				LD_RUNPATH_SEARCH_PATHS = (
					"$(inherited)",
					"@executable_path/Frameworks",
				);
				MARKETING_VERSION = 1.0;
				PRODUCT_BUNDLE_IDENTIFIER = "lando.fightcamp-onsite";
				PRODUCT_NAME = "$(TARGET_NAME)";
				PROVISIONING_PROFILE_SPECIFIER = "";
				SUPPORTED_PLATFORMS = "iphoneos iphonesimulator";
				SUPPORTS_MACCATALYST = NO;
				SUPPORTS_MAC_DESIGNED_FOR_IPHONE_IPAD = NO;
				SWIFT_EMIT_LOC_STRINGS = YES;
				SWIFT_VERSION = 5.0;
				TARGETED_DEVICE_FAMILY = "1,2";
			};
			name = Debug;
		};
		8F17112029E9B6950081AFFE /* Release */ = {
			isa = XCBuildConfiguration;
			buildSettings = {
				ASSETCATALOG_COMPILER_APPICON_NAME = AppIcon;
				ASSETCATALOG_COMPILER_GLOBAL_ACCENT_COLOR_NAME = AccentColor;
				CODE_SIGN_IDENTITY = "Apple Development";
				CODE_SIGN_STYLE = Automatic;
				CURRENT_PROJECT_VERSION = 1;
				DEVELOPMENT_TEAM = 6FSF2DC5JT;
				GENERATE_INFOPLIST_FILE = YES;
				INFOPLIST_FILE = "fightcamp-onsite/Info.plist";
				INFOPLIST_KEY_UIApplicationSupportsIndirectInputEvents = YES;
				INFOPLIST_KEY_UILaunchStoryboardName = LaunchScreen.storyboard;
				INFOPLIST_KEY_UIMainStoryboardFile = Main;
				INFOPLIST_KEY_UIRequiredDeviceCapabilities = armv7;
				INFOPLIST_KEY_UISupportedInterfaceOrientations = "UIInterfaceOrientationPortrait UIInterfaceOrientationLandscapeRight";
				INFOPLIST_KEY_UISupportedInterfaceOrientations_iPad = "UIInterfaceOrientationPortrait UIInterfaceOrientationPortraitUpsideDown UIInterfaceOrientationLandscapeLeft UIInterfaceOrientationLandscapeRight";
				INFOPLIST_KEY_UISupportedInterfaceOrientations_iPhone = "UIInterfaceOrientationPortrait UIInterfaceOrientationLandscapeLeft UIInterfaceOrientationLandscapeRight";
				IPHONEOS_DEPLOYMENT_TARGET = 14.0;
				LD_RUNPATH_SEARCH_PATHS = (
					"$(inherited)",
					"@executable_path/Frameworks",
				);
				MARKETING_VERSION = 1.0;
				PRODUCT_BUNDLE_IDENTIFIER = "lando.fightcamp-onsite";
				PRODUCT_NAME = "$(TARGET_NAME)";
				PROVISIONING_PROFILE_SPECIFIER = "";
				SUPPORTED_PLATFORMS = "iphoneos iphonesimulator";
				SUPPORTS_MACCATALYST = NO;
				SUPPORTS_MAC_DESIGNED_FOR_IPHONE_IPAD = NO;
				SWIFT_EMIT_LOC_STRINGS = YES;
				SWIFT_VERSION = 5.0;
				TARGETED_DEVICE_FAMILY = "1,2";
			};
			name = Release;
		};
		8F17112229E9B6950081AFFE /* Debug */ = {
			isa = XCBuildConfiguration;
			buildSettings = {
				ALWAYS_EMBED_SWIFT_STANDARD_LIBRARIES = YES;
				BUNDLE_LOADER = "$(TEST_HOST)";
				CURRENT_PROJECT_VERSION = 1;
				GENERATE_INFOPLIST_FILE = YES;
				IPHONEOS_DEPLOYMENT_TARGET = 16.4;
				MARKETING_VERSION = 1.0;
				PRODUCT_BUNDLE_IDENTIFIER = "lando.fightcamp-onsiteTests";
				PRODUCT_NAME = "$(TARGET_NAME)";
				SWIFT_EMIT_LOC_STRINGS = NO;
				SWIFT_VERSION = 5.0;
				TARGETED_DEVICE_FAMILY = "1,2";
				TEST_HOST = "$(BUILT_PRODUCTS_DIR)/fightcamp-onsite.app/$(BUNDLE_EXECUTABLE_FOLDER_PATH)/fightcamp-onsite";
			};
			name = Debug;
		};
		8F17112329E9B6950081AFFE /* Release */ = {
			isa = XCBuildConfiguration;
			buildSettings = {
				ALWAYS_EMBED_SWIFT_STANDARD_LIBRARIES = YES;
				BUNDLE_LOADER = "$(TEST_HOST)";
				CURRENT_PROJECT_VERSION = 1;
				GENERATE_INFOPLIST_FILE = YES;
				IPHONEOS_DEPLOYMENT_TARGET = 16.4;
				MARKETING_VERSION = 1.0;
				PRODUCT_BUNDLE_IDENTIFIER = "lando.fightcamp-onsiteTests";
				PRODUCT_NAME = "$(TARGET_NAME)";
				SWIFT_EMIT_LOC_STRINGS = NO;
				SWIFT_VERSION = 5.0;
				TARGETED_DEVICE_FAMILY = "1,2";
				TEST_HOST = "$(BUILT_PRODUCTS_DIR)/fightcamp-onsite.app/$(BUNDLE_EXECUTABLE_FOLDER_PATH)/fightcamp-onsite";
			};
			name = Release;
		};
		8F17112529E9B6950081AFFE /* Debug */ = {
			isa = XCBuildConfiguration;
			buildSettings = {
				ALWAYS_EMBED_SWIFT_STANDARD_LIBRARIES = YES;
				CODE_SIGN_IDENTITY = "Apple Development";
				"CODE_SIGN_IDENTITY[sdk=macosx*]" = "-";
				CODE_SIGN_STYLE = Automatic;
				CURRENT_PROJECT_VERSION = 1;
				DEVELOPMENT_TEAM = 6FSF2DC5JT;
				GENERATE_INFOPLIST_FILE = YES;
				MARKETING_VERSION = 1.0;
				PRODUCT_BUNDLE_IDENTIFIER = "lando.fightcamp-onsiteUITests";
				PRODUCT_NAME = "$(TARGET_NAME)";
				SWIFT_EMIT_LOC_STRINGS = NO;
				SWIFT_VERSION = 5.0;
				TARGETED_DEVICE_FAMILY = "1,2";
				TEST_TARGET_NAME = "fightcamp-onsite";
			};
			name = Debug;
		};
		8F17112629E9B6950081AFFE /* Release */ = {
			isa = XCBuildConfiguration;
			buildSettings = {
				ALWAYS_EMBED_SWIFT_STANDARD_LIBRARIES = YES;
				CODE_SIGN_IDENTITY = "Apple Development";
				"CODE_SIGN_IDENTITY[sdk=macosx*]" = "-";
				CODE_SIGN_STYLE = Automatic;
				CURRENT_PROJECT_VERSION = 1;
				DEVELOPMENT_TEAM = 6FSF2DC5JT;
				GENERATE_INFOPLIST_FILE = YES;
				MARKETING_VERSION = 1.0;
				PRODUCT_BUNDLE_IDENTIFIER = "lando.fightcamp-onsiteUITests";
				PRODUCT_NAME = "$(TARGET_NAME)";
				SWIFT_EMIT_LOC_STRINGS = NO;
				SWIFT_VERSION = 5.0;
				TARGETED_DEVICE_FAMILY = "1,2";
				TEST_TARGET_NAME = "fightcamp-onsite";
			};
			name = Release;
		};
/* End XCBuildConfiguration section */

/* Begin XCConfigurationList section */
		8F1710EF29E9B6930081AFFE /* Build configuration list for PBXProject "fightcamp-onsite" */ = {
			isa = XCConfigurationList;
			buildConfigurations = (
				8F17111C29E9B6950081AFFE /* Debug */,
				8F17111D29E9B6950081AFFE /* Release */,
			);
			defaultConfigurationIsVisible = 0;
			defaultConfigurationName = Release;
		};
		8F17111E29E9B6950081AFFE /* Build configuration list for PBXNativeTarget "fightcamp-onsite" */ = {
			isa = XCConfigurationList;
			buildConfigurations = (
				8F17111F29E9B6950081AFFE /* Debug */,
				8F17112029E9B6950081AFFE /* Release */,
			);
			defaultConfigurationIsVisible = 0;
			defaultConfigurationName = Release;
		};
		8F17112129E9B6950081AFFE /* Build configuration list for PBXNativeTarget "fightcamp-onsiteTests" */ = {
			isa = XCConfigurationList;
			buildConfigurations = (
				8F17112229E9B6950081AFFE /* Debug */,
				8F17112329E9B6950081AFFE /* Release */,
			);
			defaultConfigurationIsVisible = 0;
			defaultConfigurationName = Release;
		};
		8F17112429E9B6950081AFFE /* Build configuration list for PBXNativeTarget "fightcamp-onsiteUITests" */ = {
			isa = XCConfigurationList;
			buildConfigurations = (
				8F17112529E9B6950081AFFE /* Debug */,
				8F17112629E9B6950081AFFE /* Release */,
			);
			defaultConfigurationIsVisible = 0;
			defaultConfigurationName = Release;
		};
/* End XCConfigurationList section */
	};
	rootObject = 8F1710EC29E9B6930081AFFE /* Project object */;
}
